// !$*UTF8*$!
{
	archiveVersion = 1;
	classes = {
	};
	objectVersion = 46;
	objects = {

/* Begin PBXBuildFile section */
		9214AEDA17309CA500F7707E /* IOBluetooth.framework in Frameworks */ = {isa = PBXBuildFile; fileRef = 9214AED917309CA500F7707E /* IOBluetooth.framework */; };
		922E6EA11731DAF700B0DC9A /* gdb.png in Resources */ = {isa = PBXBuildFile; fileRef = 922E6E9F1731DAF700B0DC9A /* gdb.png */; };
		922E6EA21731DAF700B0DC9A /* jtag.png in Resources */ = {isa = PBXBuildFile; fileRef = 922E6EA01731DAF700B0DC9A /* jtag.png */; };
		922E6EA41731E63900B0DC9A /* running.png in Resources */ = {isa = PBXBuildFile; fileRef = 922E6EA31731E63900B0DC9A /* running.png */; };
		924A83991731A76F0041EB46 /* FireflyFlash.icns in Resources */ = {isa = PBXBuildFile; fileRef = 924A83981731A76F0041EB46 /* FireflyFlash.icns */; };
		92DBE9C51730AF4700702ABA /* FireflyProduction.framework in Frameworks */ = {isa = PBXBuildFile; fileRef = 92DBE9C21730AF0400702ABA /* FireflyProduction.framework */; };
		92DBE9CC1730AFA600702ABA /* FireflyProduction.framework in CopyFiles */ = {isa = PBXBuildFile; fileRef = 92DBE9C21730AF0400702ABA /* FireflyProduction.framework */; };
		92DBE9D81730B01B00702ABA /* ARMSerialWireDebug.framework in CopyFiles */ = {isa = PBXBuildFile; fileRef = 92DBE9D31730B00B00702ABA /* ARMSerialWireDebug.framework */; };
		92DBE9D91730B05400702ABA /* ARMSerialWireDebug.framework in Frameworks */ = {isa = PBXBuildFile; fileRef = 92DBE9D31730B00B00702ABA /* ARMSerialWireDebug.framework */; };
		92E7750D1730958000A111DF /* Cocoa.framework in Frameworks */ = {isa = PBXBuildFile; fileRef = 92E7750C1730958000A111DF /* Cocoa.framework */; };
		92E775171730958000A111DF /* InfoPlist.strings in Resources */ = {isa = PBXBuildFile; fileRef = 92E775151730958000A111DF /* InfoPlist.strings */; };
		92E775191730958000A111DF /* main.m in Sources */ = {isa = PBXBuildFile; fileRef = 92E775181730958000A111DF /* main.m */; };
		92E7751D1730958000A111DF /* Credits.rtf in Resources */ = {isa = PBXBuildFile; fileRef = 92E7751B1730958000A111DF /* Credits.rtf */; };
		92E775201730958000A111DF /* FDAppDelegate.m in Sources */ = {isa = PBXBuildFile; fileRef = 92E7751F1730958000A111DF /* FDAppDelegate.m */; };
		92E775231730958000A111DF /* MainMenu.xib in Resources */ = {isa = PBXBuildFile; fileRef = 92E775211730958000A111DF /* MainMenu.xib */; };
		92E7752B1730958000A111DF /* SenTestingKit.framework in Frameworks */ = {isa = PBXBuildFile; fileRef = 92E7752A1730958000A111DF /* SenTestingKit.framework */; };
		92E7752C1730958000A111DF /* Cocoa.framework in Frameworks */ = {isa = PBXBuildFile; fileRef = 92E7750C1730958000A111DF /* Cocoa.framework */; };
		92E775341730958000A111DF /* InfoPlist.strings in Resources */ = {isa = PBXBuildFile; fileRef = 92E775321730958000A111DF /* InfoPlist.strings */; };
		92E775371730958000A111DF /* FireflyFlashTests.m in Sources */ = {isa = PBXBuildFile; fileRef = 92E775361730958000A111DF /* FireflyFlashTests.m */; };
/* End PBXBuildFile section */

/* Begin PBXContainerItemProxy section */
		92DBE9C11730AF0400702ABA /* PBXContainerItemProxy */ = {
			isa = PBXContainerItemProxy;
			containerPortal = 92DBE9BC1730AF0400702ABA /* FireflyProduction.xcodeproj */;
			proxyType = 2;
			remoteGlobalIDString = 92E774D01730925800A111DF;
			remoteInfo = FireflyProduction;
		};
		92DBE9C31730AF0400702ABA /* PBXContainerItemProxy */ = {
			isa = PBXContainerItemProxy;
			containerPortal = 92DBE9BC1730AF0400702ABA /* FireflyProduction.xcodeproj */;
			proxyType = 2;
			remoteGlobalIDString = 92E774E81730925800A111DF;
			remoteInfo = FireflyProductionTests;
		};
		92DBE9C81730AF5400702ABA /* PBXContainerItemProxy */ = {
			isa = PBXContainerItemProxy;
			containerPortal = 92DBE9BC1730AF0400702ABA /* FireflyProduction.xcodeproj */;
			proxyType = 1;
			remoteGlobalIDString = 92E774CF1730925800A111DF;
			remoteInfo = FireflyProduction;
		};
		92DBE9D21730B00B00702ABA /* PBXContainerItemProxy */ = {
			isa = PBXContainerItemProxy;
			containerPortal = 92DBE9CD1730B00A00702ABA /* ARMSerialWireDebug.xcodeproj */;
			proxyType = 2;
			remoteGlobalIDString = 92B8B82816FF70BD00BE38ED;
			remoteInfo = ARMSerialWireDebug;
		};
		92DBE9D41730B00B00702ABA /* PBXContainerItemProxy */ = {
			isa = PBXContainerItemProxy;
			containerPortal = 92DBE9CD1730B00A00702ABA /* ARMSerialWireDebug.xcodeproj */;
			proxyType = 2;
			remoteGlobalIDString = 92B8B84016FF70BD00BE38ED;
			remoteInfo = ARMSerialWireDebugTests;
		};
		92DBE9D61730B01200702ABA /* PBXContainerItemProxy */ = {
			isa = PBXContainerItemProxy;
			containerPortal = 92DBE9CD1730B00A00702ABA /* ARMSerialWireDebug.xcodeproj */;
			proxyType = 1;
			remoteGlobalIDString = 92B8B82716FF70BD00BE38ED;
			remoteInfo = ARMSerialWireDebug;
		};
		92E7752D1730958000A111DF /* PBXContainerItemProxy */ = {
			isa = PBXContainerItemProxy;
			containerPortal = 92E775011730958000A111DF /* Project object */;
			proxyType = 1;
			remoteGlobalIDString = 92E775081730958000A111DF;
			remoteInfo = FireflyFlash;
		};
/* End PBXContainerItemProxy section */

/* Begin PBXCopyFilesBuildPhase section */
		92DBE9CB1730AF8900702ABA /* CopyFiles */ = {
			isa = PBXCopyFilesBuildPhase;
			buildActionMask = 2147483647;
			dstPath = "";
			dstSubfolderSpec = 10;
			files = (
				92DBE9D81730B01B00702ABA /* ARMSerialWireDebug.framework in CopyFiles */,
				92DBE9CC1730AFA600702ABA /* FireflyProduction.framework in CopyFiles */,
			);
			runOnlyForDeploymentPostprocessing = 0;
		};
/* End PBXCopyFilesBuildPhase section */

/* Begin PBXFileReference section */
		9214AED917309CA500F7707E /* IOBluetooth.framework */ = {isa = PBXFileReference; lastKnownFileType = wrapper.framework; name = IOBluetooth.framework; path = System/Library/Frameworks/IOBluetooth.framework; sourceTree = SDKROOT; };
		922E6E9F1731DAF700B0DC9A /* gdb.png */ = {isa = PBXFileReference; lastKnownFileType = image.png; path = gdb.png; sourceTree = "<group>"; };
		922E6EA01731DAF700B0DC9A /* jtag.png */ = {isa = PBXFileReference; lastKnownFileType = image.png; path = jtag.png; sourceTree = "<group>"; };
		922E6EA31731E63900B0DC9A /* running.png */ = {isa = PBXFileReference; lastKnownFileType = image.png; path = running.png; sourceTree = "<group>"; };
		924A83951731A5550041EB46 /* FireflyFlash.entitlements */ = {isa = PBXFileReference; lastKnownFileType = text.xml; path = FireflyFlash.entitlements; sourceTree = "<group>"; };
		924A83981731A76F0041EB46 /* FireflyFlash.icns */ = {isa = PBXFileReference; lastKnownFileType = image.icns; path = FireflyFlash.icns; sourceTree = SOURCE_ROOT; };
		92DBE9BC1730AF0400702ABA /* FireflyProduction.xcodeproj */ = {isa = PBXFileReference; lastKnownFileType = "wrapper.pb-project"; name = FireflyProduction.xcodeproj; path = ../FireflyProduction/FireflyProduction.xcodeproj; sourceTree = "<group>"; };
		92DBE9CD1730B00A00702ABA /* ARMSerialWireDebug.xcodeproj */ = {isa = PBXFileReference; lastKnownFileType = "wrapper.pb-project"; name = ARMSerialWireDebug.xcodeproj; path = "../../firefly-arm-swd/ARMSerialWireDebug.xcodeproj"; sourceTree = "<group>"; };
		92E775091730958000A111DF /* FireflyFlash.app */ = {isa = PBXFileReference; explicitFileType = wrapper.application; includeInIndex = 0; path = FireflyFlash.app; sourceTree = BUILT_PRODUCTS_DIR; };
		92E7750C1730958000A111DF /* Cocoa.framework */ = {isa = PBXFileReference; lastKnownFileType = wrapper.framework; name = Cocoa.framework; path = System/Library/Frameworks/Cocoa.framework; sourceTree = SDKROOT; };
		92E7750F1730958000A111DF /* AppKit.framework */ = {isa = PBXFileReference; lastKnownFileType = wrapper.framework; name = AppKit.framework; path = System/Library/Frameworks/AppKit.framework; sourceTree = SDKROOT; };
		92E775101730958000A111DF /* CoreData.framework */ = {isa = PBXFileReference; lastKnownFileType = wrapper.framework; name = CoreData.framework; path = System/Library/Frameworks/CoreData.framework; sourceTree = SDKROOT; };
		92E775111730958000A111DF /* Foundation.framework */ = {isa = PBXFileReference; lastKnownFileType = wrapper.framework; name = Foundation.framework; path = System/Library/Frameworks/Foundation.framework; sourceTree = SDKROOT; };
		92E775141730958000A111DF /* FireflyFlash-Info.plist */ = {isa = PBXFileReference; lastKnownFileType = text.plist.xml; path = "FireflyFlash-Info.plist"; sourceTree = "<group>"; };
		92E775161730958000A111DF /* en */ = {isa = PBXFileReference; lastKnownFileType = text.plist.strings; name = en; path = en.lproj/InfoPlist.strings; sourceTree = "<group>"; };
		92E775181730958000A111DF /* main.m */ = {isa = PBXFileReference; lastKnownFileType = sourcecode.c.objc; path = main.m; sourceTree = "<group>"; };
		92E7751A1730958000A111DF /* FireflyFlash-Prefix.pch */ = {isa = PBXFileReference; lastKnownFileType = sourcecode.c.h; path = "FireflyFlash-Prefix.pch"; sourceTree = "<group>"; };
		92E7751C1730958000A111DF /* en */ = {isa = PBXFileReference; lastKnownFileType = text.rtf; name = en; path = en.lproj/Credits.rtf; sourceTree = "<group>"; };
		92E7751E1730958000A111DF /* FDAppDelegate.h */ = {isa = PBXFileReference; lastKnownFileType = sourcecode.c.h; path = FDAppDelegate.h; sourceTree = "<group>"; };
		92E7751F1730958000A111DF /* FDAppDelegate.m */ = {isa = PBXFileReference; lastKnownFileType = sourcecode.c.objc; path = FDAppDelegate.m; sourceTree = "<group>"; };
		92E775221730958000A111DF /* en */ = {isa = PBXFileReference; lastKnownFileType = file.xib; name = en; path = en.lproj/MainMenu.xib; sourceTree = "<group>"; };
		92E775291730958000A111DF /* FireflyFlashTests.octest */ = {isa = PBXFileReference; explicitFileType = wrapper.cfbundle; includeInIndex = 0; path = FireflyFlashTests.octest; sourceTree = BUILT_PRODUCTS_DIR; };
		92E7752A1730958000A111DF /* SenTestingKit.framework */ = {isa = PBXFileReference; lastKnownFileType = wrapper.framework; name = SenTestingKit.framework; path = Library/Frameworks/SenTestingKit.framework; sourceTree = DEVELOPER_DIR; };
		92E775311730958000A111DF /* FireflyFlashTests-Info.plist */ = {isa = PBXFileReference; lastKnownFileType = text.plist.xml; path = "FireflyFlashTests-Info.plist"; sourceTree = "<group>"; };
		92E775331730958000A111DF /* en */ = {isa = PBXFileReference; lastKnownFileType = text.plist.strings; name = en; path = en.lproj/InfoPlist.strings; sourceTree = "<group>"; };
		92E775351730958000A111DF /* FireflyFlashTests.h */ = {isa = PBXFileReference; lastKnownFileType = sourcecode.c.h; path = FireflyFlashTests.h; sourceTree = "<group>"; };
		92E775361730958000A111DF /* FireflyFlashTests.m */ = {isa = PBXFileReference; lastKnownFileType = sourcecode.c.objc; path = FireflyFlashTests.m; sourceTree = "<group>"; };
/* End PBXFileReference section */

/* Begin PBXFrameworksBuildPhase section */
		92E775061730958000A111DF /* Frameworks */ = {
			isa = PBXFrameworksBuildPhase;
			buildActionMask = 2147483647;
			files = (
				92DBE9D91730B05400702ABA /* ARMSerialWireDebug.framework in Frameworks */,
				92DBE9C51730AF4700702ABA /* FireflyProduction.framework in Frameworks */,
				9214AEDA17309CA500F7707E /* IOBluetooth.framework in Frameworks */,
				92E7750D1730958000A111DF /* Cocoa.framework in Frameworks */,
			);
			runOnlyForDeploymentPostprocessing = 0;
		};
		92E775251730958000A111DF /* Frameworks */ = {
			isa = PBXFrameworksBuildPhase;
			buildActionMask = 2147483647;
			files = (
				92E7752B1730958000A111DF /* SenTestingKit.framework in Frameworks */,
				92E7752C1730958000A111DF /* Cocoa.framework in Frameworks */,
			);
			runOnlyForDeploymentPostprocessing = 0;
		};
/* End PBXFrameworksBuildPhase section */

/* Begin PBXGroup section */
		92DBE9BD1730AF0400702ABA /* Products */ = {
			isa = PBXGroup;
			children = (
				92DBE9C21730AF0400702ABA /* FireflyProduction.framework */,
				92DBE9C41730AF0400702ABA /* FireflyProductionTests.octest */,
			);
			name = Products;
			sourceTree = "<group>";
		};
		92DBE9CE1730B00A00702ABA /* Products */ = {
			isa = PBXGroup;
			children = (
				92DBE9D31730B00B00702ABA /* ARMSerialWireDebug.framework */,
				92DBE9D51730B00B00702ABA /* ARMSerialWireDebugTests.octest */,
			);
			name = Products;
			sourceTree = "<group>";
		};
		92E775001730958000A111DF = {
			isa = PBXGroup;
			children = (
				92DBE9CD1730B00A00702ABA /* ARMSerialWireDebug.xcodeproj */,
				92DBE9BC1730AF0400702ABA /* FireflyProduction.xcodeproj */,
				92E775121730958000A111DF /* FireflyFlash */,
				92E7752F1730958000A111DF /* FireflyFlashTests */,
				92E7750B1730958000A111DF /* Frameworks */,
				92E7750A1730958000A111DF /* Products */,
			);
			sourceTree = "<group>";
		};
		92E7750A1730958000A111DF /* Products */ = {
			isa = PBXGroup;
			children = (
				92E775091730958000A111DF /* FireflyFlash.app */,
				92E775291730958000A111DF /* FireflyFlashTests.octest */,
			);
			name = Products;
			sourceTree = "<group>";
		};
		92E7750B1730958000A111DF /* Frameworks */ = {
			isa = PBXGroup;
			children = (
				9214AED917309CA500F7707E /* IOBluetooth.framework */,
				92E7750C1730958000A111DF /* Cocoa.framework */,
				92E7752A1730958000A111DF /* SenTestingKit.framework */,
				92E7750E1730958000A111DF /* Other Frameworks */,
			);
			name = Frameworks;
			sourceTree = "<group>";
		};
		92E7750E1730958000A111DF /* Other Frameworks */ = {
			isa = PBXGroup;
			children = (
				92E7750F1730958000A111DF /* AppKit.framework */,
				92E775101730958000A111DF /* CoreData.framework */,
				92E775111730958000A111DF /* Foundation.framework */,
			);
			name = "Other Frameworks";
			sourceTree = "<group>";
		};
		92E775121730958000A111DF /* FireflyFlash */ = {
			isa = PBXGroup;
			children = (
				92E7751E1730958000A111DF /* FDAppDelegate.h */,
				92E7751F1730958000A111DF /* FDAppDelegate.m */,
				92E775211730958000A111DF /* MainMenu.xib */,
				92E775131730958000A111DF /* Supporting Files */,
			);
			path = FireflyFlash;
			sourceTree = "<group>";
		};
		92E775131730958000A111DF /* Supporting Files */ = {
			isa = PBXGroup;
			children = (
				922E6EA31731E63900B0DC9A /* running.png */,
				922E6E9F1731DAF700B0DC9A /* gdb.png */,
				922E6EA01731DAF700B0DC9A /* jtag.png */,
				924A83951731A5550041EB46 /* FireflyFlash.entitlements */,
				924A83981731A76F0041EB46 /* FireflyFlash.icns */,
				92E775141730958000A111DF /* FireflyFlash-Info.plist */,
				92E775151730958000A111DF /* InfoPlist.strings */,
				92E775181730958000A111DF /* main.m */,
				92E7751A1730958000A111DF /* FireflyFlash-Prefix.pch */,
				92E7751B1730958000A111DF /* Credits.rtf */,
			);
			name = "Supporting Files";
			sourceTree = "<group>";
		};
		92E7752F1730958000A111DF /* FireflyFlashTests */ = {
			isa = PBXGroup;
			children = (
				92E775351730958000A111DF /* FireflyFlashTests.h */,
				92E775361730958000A111DF /* FireflyFlashTests.m */,
				92E775301730958000A111DF /* Supporting Files */,
			);
			path = FireflyFlashTests;
			sourceTree = "<group>";
		};
		92E775301730958000A111DF /* Supporting Files */ = {
			isa = PBXGroup;
			children = (
				92E775311730958000A111DF /* FireflyFlashTests-Info.plist */,
				92E775321730958000A111DF /* InfoPlist.strings */,
			);
			name = "Supporting Files";
			sourceTree = "<group>";
		};
/* End PBXGroup section */

/* Begin PBXNativeTarget section */
		92E775081730958000A111DF /* FireflyFlash */ = {
			isa = PBXNativeTarget;
			buildConfigurationList = 92E7753A1730958000A111DF /* Build configuration list for PBXNativeTarget "FireflyFlash" */;
			buildPhases = (
				92E775051730958000A111DF /* Sources */,
				92E775061730958000A111DF /* Frameworks */,
				92E775071730958000A111DF /* Resources */,
				92DBE9CB1730AF8900702ABA /* CopyFiles */,
			);
			buildRules = (
			);
			dependencies = (
				92DBE9D71730B01200702ABA /* PBXTargetDependency */,
				92DBE9C91730AF5400702ABA /* PBXTargetDependency */,
			);
			name = FireflyFlash;
			productName = FireflyFlash;
			productReference = 92E775091730958000A111DF /* FireflyFlash.app */;
			productType = "com.apple.product-type.application";
		};
		92E775281730958000A111DF /* FireflyFlashTests */ = {
			isa = PBXNativeTarget;
			buildConfigurationList = 92E7753D1730958000A111DF /* Build configuration list for PBXNativeTarget "FireflyFlashTests" */;
			buildPhases = (
				92E775241730958000A111DF /* Sources */,
				92E775251730958000A111DF /* Frameworks */,
				92E775261730958000A111DF /* Resources */,
				92E775271730958000A111DF /* ShellScript */,
			);
			buildRules = (
			);
			dependencies = (
				92E7752E1730958000A111DF /* PBXTargetDependency */,
			);
			name = FireflyFlashTests;
			productName = FireflyFlashTests;
			productReference = 92E775291730958000A111DF /* FireflyFlashTests.octest */;
			productType = "com.apple.product-type.bundle";
		};
/* End PBXNativeTarget section */

/* Begin PBXProject section */
		92E775011730958000A111DF /* Project object */ = {
			isa = PBXProject;
			attributes = {
				CLASSPREFIX = FD;
				LastUpgradeCheck = 0460;
				ORGANIZATIONNAME = "Firefly Design";
			};
			buildConfigurationList = 92E775041730958000A111DF /* Build configuration list for PBXProject "FireflyFlash" */;
			compatibilityVersion = "Xcode 3.2";
			developmentRegion = English;
			hasScannedForEncodings = 0;
			knownRegions = (
				en,
			);
			mainGroup = 92E775001730958000A111DF;
			productRefGroup = 92E7750A1730958000A111DF /* Products */;
			projectDirPath = "";
			projectReferences = (
				{
					ProductGroup = 92DBE9CE1730B00A00702ABA /* Products */;
					ProjectRef = 92DBE9CD1730B00A00702ABA /* ARMSerialWireDebug.xcodeproj */;
				},
				{
					ProductGroup = 92DBE9BD1730AF0400702ABA /* Products */;
					ProjectRef = 92DBE9BC1730AF0400702ABA /* FireflyProduction.xcodeproj */;
				},
			);
			projectRoot = "";
			targets = (
				92E775081730958000A111DF /* FireflyFlash */,
				92E775281730958000A111DF /* FireflyFlashTests */,
			);
		};
/* End PBXProject section */

/* Begin PBXReferenceProxy section */
		92DBE9C21730AF0400702ABA /* FireflyProduction.framework */ = {
			isa = PBXReferenceProxy;
			fileType = wrapper.framework;
			path = FireflyProduction.framework;
			remoteRef = 92DBE9C11730AF0400702ABA /* PBXContainerItemProxy */;
			sourceTree = BUILT_PRODUCTS_DIR;
		};
		92DBE9C41730AF0400702ABA /* FireflyProductionTests.octest */ = {
			isa = PBXReferenceProxy;
			fileType = wrapper.cfbundle;
			path = FireflyProductionTests.octest;
			remoteRef = 92DBE9C31730AF0400702ABA /* PBXContainerItemProxy */;
			sourceTree = BUILT_PRODUCTS_DIR;
		};
		92DBE9D31730B00B00702ABA /* ARMSerialWireDebug.framework */ = {
			isa = PBXReferenceProxy;
			fileType = wrapper.framework;
			path = ARMSerialWireDebug.framework;
			remoteRef = 92DBE9D21730B00B00702ABA /* PBXContainerItemProxy */;
			sourceTree = BUILT_PRODUCTS_DIR;
		};
		92DBE9D51730B00B00702ABA /* ARMSerialWireDebugTests.octest */ = {
			isa = PBXReferenceProxy;
			fileType = wrapper.cfbundle;
			path = ARMSerialWireDebugTests.octest;
			remoteRef = 92DBE9D41730B00B00702ABA /* PBXContainerItemProxy */;
			sourceTree = BUILT_PRODUCTS_DIR;
		};
/* End PBXReferenceProxy section */

/* Begin PBXResourcesBuildPhase section */
		92E775071730958000A111DF /* Resources */ = {
			isa = PBXResourcesBuildPhase;
			buildActionMask = 2147483647;
			files = (
				92E775171730958000A111DF /* InfoPlist.strings in Resources */,
				92E7751D1730958000A111DF /* Credits.rtf in Resources */,
				92E775231730958000A111DF /* MainMenu.xib in Resources */,
				924A83991731A76F0041EB46 /* FireflyFlash.icns in Resources */,
				922E6EA11731DAF700B0DC9A /* gdb.png in Resources */,
				922E6EA21731DAF700B0DC9A /* jtag.png in Resources */,
				922E6EA41731E63900B0DC9A /* running.png in Resources */,
			);
			runOnlyForDeploymentPostprocessing = 0;
		};
		92E775261730958000A111DF /* Resources */ = {
			isa = PBXResourcesBuildPhase;
			buildActionMask = 2147483647;
			files = (
				92E775341730958000A111DF /* InfoPlist.strings in Resources */,
			);
			runOnlyForDeploymentPostprocessing = 0;
		};
/* End PBXResourcesBuildPhase section */

/* Begin PBXShellScriptBuildPhase section */
		92E775271730958000A111DF /* ShellScript */ = {
			isa = PBXShellScriptBuildPhase;
			buildActionMask = 2147483647;
			files = (
			);
			inputPaths = (
			);
			outputPaths = (
			);
			runOnlyForDeploymentPostprocessing = 0;
			shellPath = /bin/sh;
			shellScript = "# Run the unit tests in this test bundle.\n\"${SYSTEM_DEVELOPER_DIR}/Tools/RunUnitTests\"\n";
		};
/* End PBXShellScriptBuildPhase section */

/* Begin PBXSourcesBuildPhase section */
		92E775051730958000A111DF /* Sources */ = {
			isa = PBXSourcesBuildPhase;
			buildActionMask = 2147483647;
			files = (
				92E775191730958000A111DF /* main.m in Sources */,
				92E775201730958000A111DF /* FDAppDelegate.m in Sources */,
			);
			runOnlyForDeploymentPostprocessing = 0;
		};
		92E775241730958000A111DF /* Sources */ = {
			isa = PBXSourcesBuildPhase;
			buildActionMask = 2147483647;
			files = (
				92E775371730958000A111DF /* FireflyFlashTests.m in Sources */,
			);
			runOnlyForDeploymentPostprocessing = 0;
		};
/* End PBXSourcesBuildPhase section */

/* Begin PBXTargetDependency section */
		92DBE9C91730AF5400702ABA /* PBXTargetDependency */ = {
			isa = PBXTargetDependency;
			name = FireflyProduction;
			targetProxy = 92DBE9C81730AF5400702ABA /* PBXContainerItemProxy */;
		};
		92DBE9D71730B01200702ABA /* PBXTargetDependency */ = {
			isa = PBXTargetDependency;
			name = ARMSerialWireDebug;
			targetProxy = 92DBE9D61730B01200702ABA /* PBXContainerItemProxy */;
		};
		92E7752E1730958000A111DF /* PBXTargetDependency */ = {
			isa = PBXTargetDependency;
			target = 92E775081730958000A111DF /* FireflyFlash */;
			targetProxy = 92E7752D1730958000A111DF /* PBXContainerItemProxy */;
		};
/* End PBXTargetDependency section */

/* Begin PBXVariantGroup section */
		92E775151730958000A111DF /* InfoPlist.strings */ = {
			isa = PBXVariantGroup;
			children = (
				92E775161730958000A111DF /* en */,
			);
			name = InfoPlist.strings;
			sourceTree = "<group>";
		};
		92E7751B1730958000A111DF /* Credits.rtf */ = {
			isa = PBXVariantGroup;
			children = (
				92E7751C1730958000A111DF /* en */,
			);
			name = Credits.rtf;
			sourceTree = "<group>";
		};
		92E775211730958000A111DF /* MainMenu.xib */ = {
			isa = PBXVariantGroup;
			children = (
				92E775221730958000A111DF /* en */,
			);
			name = MainMenu.xib;
			sourceTree = "<group>";
		};
		92E775321730958000A111DF /* InfoPlist.strings */ = {
			isa = PBXVariantGroup;
			children = (
				92E775331730958000A111DF /* en */,
			);
			name = InfoPlist.strings;
			sourceTree = "<group>";
		};
/* End PBXVariantGroup section */

/* Begin XCBuildConfiguration section */
		92E775381730958000A111DF /* Debug */ = {
			isa = XCBuildConfiguration;
			buildSettings = {
				ALWAYS_SEARCH_USER_PATHS = NO;
				ARCHS = "$(ARCHS_STANDARD_64_BIT)";
				CLANG_CXX_LANGUAGE_STANDARD = "gnu++0x";
				CLANG_CXX_LIBRARY = "libc++";
				CLANG_ENABLE_OBJC_ARC = YES;
				CLANG_WARN_CONSTANT_CONVERSION = YES;
				CLANG_WARN_EMPTY_BODY = YES;
				CLANG_WARN_ENUM_CONVERSION = YES;
				CLANG_WARN_INT_CONVERSION = YES;
				CLANG_WARN__DUPLICATE_METHOD_MATCH = YES;
				CODE_SIGN_IDENTITY = "Mac Developer";
				COPY_PHASE_STRIP = NO;
				GCC_C_LANGUAGE_STANDARD = gnu99;
				GCC_DYNAMIC_NO_PIC = NO;
				GCC_ENABLE_OBJC_EXCEPTIONS = YES;
				GCC_OPTIMIZATION_LEVEL = 0;
				GCC_PREPROCESSOR_DEFINITIONS = (
					"DEBUG=1",
					"$(inherited)",
				);
				GCC_SYMBOLS_PRIVATE_EXTERN = NO;
				GCC_WARN_64_TO_32_BIT_CONVERSION = YES;
				GCC_WARN_ABOUT_RETURN_TYPE = YES;
				GCC_WARN_UNINITIALIZED_AUTOS = YES;
				GCC_WARN_UNUSED_VARIABLE = YES;
				MACOSX_DEPLOYMENT_TARGET = 10.8;
				ONLY_ACTIVE_ARCH = YES;
				PROVISIONING_PROFILE = "";
				SDKROOT = macosx;
			};
			name = Debug;
		};
		92E775391730958000A111DF /* Release */ = {
			isa = XCBuildConfiguration;
			buildSettings = {
				ALWAYS_SEARCH_USER_PATHS = NO;
				ARCHS = "$(ARCHS_STANDARD_64_BIT)";
				CLANG_CXX_LANGUAGE_STANDARD = "gnu++0x";
				CLANG_CXX_LIBRARY = "libc++";
				CLANG_ENABLE_OBJC_ARC = YES;
				CLANG_WARN_CONSTANT_CONVERSION = YES;
				CLANG_WARN_EMPTY_BODY = YES;
				CLANG_WARN_ENUM_CONVERSION = YES;
				CLANG_WARN_INT_CONVERSION = YES;
				CLANG_WARN__DUPLICATE_METHOD_MATCH = YES;
				CODE_SIGN_IDENTITY = "Mac Developer";
				COPY_PHASE_STRIP = YES;
				DEBUG_INFORMATION_FORMAT = "dwarf-with-dsym";
				GCC_C_LANGUAGE_STANDARD = gnu99;
				GCC_ENABLE_OBJC_EXCEPTIONS = YES;
				GCC_WARN_64_TO_32_BIT_CONVERSION = YES;
				GCC_WARN_ABOUT_RETURN_TYPE = YES;
				GCC_WARN_UNINITIALIZED_AUTOS = YES;
				GCC_WARN_UNUSED_VARIABLE = YES;
				MACOSX_DEPLOYMENT_TARGET = 10.8;
				PROVISIONING_PROFILE = "";
				SDKROOT = macosx;
			};
			name = Release;
		};
		92E7753B1730958000A111DF /* Debug */ = {
			isa = XCBuildConfiguration;
			buildSettings = {
				CODE_SIGN_IDENTITY = "Mac Developer";
				COMBINE_HIDPI_IMAGES = YES;
				FRAMEWORK_SEARCH_PATHS = (
					"$(inherited)",
					"\"$(SRCROOT)/../../../../Library/Developer/Xcode/DerivedData/FireflyProductionTools-bnrqioxagctoqlfncetxrulqjpfv/Build/Products/Debug\"",
				);
				GCC_PRECOMPILE_PREFIX_HEADER = YES;
				GCC_PREFIX_HEADER = "FireflyFlash/FireflyFlash-Prefix.pch";
				INFOPLIST_FILE = "FireflyFlash/FireflyFlash-Info.plist";
				PRODUCT_NAME = "$(TARGET_NAME)";
				PROVISIONING_PROFILE = "";
				WRAPPER_EXTENSION = app;
			};
			name = Debug;
		};
		92E7753C1730958000A111DF /* Release */ = {
			isa = XCBuildConfiguration;
			buildSettings = {
				CODE_SIGN_IDENTITY = "Mac Developer";
				COMBINE_HIDPI_IMAGES = YES;
				FRAMEWORK_SEARCH_PATHS = (
					"$(inherited)",
					"\"$(SRCROOT)/../../../../Library/Developer/Xcode/DerivedData/FireflyProductionTools-bnrqioxagctoqlfncetxrulqjpfv/Build/Products/Debug\"",
				);
				GCC_PRECOMPILE_PREFIX_HEADER = YES;
				GCC_PREFIX_HEADER = "FireflyFlash/FireflyFlash-Prefix.pch";
				INFOPLIST_FILE = "FireflyFlash/FireflyFlash-Info.plist";
				PRODUCT_NAME = "$(TARGET_NAME)";
				PROVISIONING_PROFILE = "";
				WRAPPER_EXTENSION = app;
			};
			name = Release;
		};
		92E7753E1730958000A111DF /* Debug */ = {
			isa = XCBuildConfiguration;
			buildSettings = {
				BUNDLE_LOADER = "$(BUILT_PRODUCTS_DIR)/FireflyFlash.app/Contents/MacOS/FireflyFlash";
				COMBINE_HIDPI_IMAGES = YES;
				FRAMEWORK_SEARCH_PATHS = "\"$(DEVELOPER_LIBRARY_DIR)/Frameworks\"";
				GCC_PRECOMPILE_PREFIX_HEADER = YES;
				GCC_PREFIX_HEADER = "FireflyFlash/FireflyFlash-Prefix.pch";
				INFOPLIST_FILE = "FireflyFlashTests/FireflyFlashTests-Info.plist";
				PRODUCT_NAME = "$(TARGET_NAME)";
				TEST_HOST = "$(BUNDLE_LOADER)";
				WRAPPER_EXTENSION = octest;
			};
			name = Debug;
		};
		92E7753F1730958000A111DF /* Release */ = {
			isa = XCBuildConfiguration;
			buildSettings = {
				BUNDLE_LOADER = "$(BUILT_PRODUCTS_DIR)/FireflyFlash.app/Contents/MacOS/FireflyFlash";
				COMBINE_HIDPI_IMAGES = YES;
				FRAMEWORK_SEARCH_PATHS = "\"$(DEVELOPER_LIBRARY_DIR)/Frameworks\"";
				GCC_PRECOMPILE_PREFIX_HEADER = YES;
				GCC_PREFIX_HEADER = "FireflyFlash/FireflyFlash-Prefix.pch";
				INFOPLIST_FILE = "FireflyFlashTests/FireflyFlashTests-Info.plist";
				PRODUCT_NAME = "$(TARGET_NAME)";
				TEST_HOST = "$(BUNDLE_LOADER)";
				WRAPPER_EXTENSION = octest;
			};
			name = Release;
		};
/* End XCBuildConfiguration section */

/* Begin XCConfigurationList section */
		92E775041730958000A111DF /* Build configuration list for PBXProject "FireflyFlash" */ = {
			isa = XCConfigurationList;
			buildConfigurations = (
				92E775381730958000A111DF /* Debug */,
				92E775391730958000A111DF /* Release */,
			);
			defaultConfigurationIsVisible = 0;
			defaultConfigurationName = Release;
		};
		92E7753A1730958000A111DF /* Build configuration list for PBXNativeTarget "FireflyFlash" */ = {
			isa = XCConfigurationList;
			buildConfigurations = (
				92E7753B1730958000A111DF /* Debug */,
				92E7753C1730958000A111DF /* Release */,
			);
			defaultConfigurationIsVisible = 0;
			defaultConfigurationName = Release;
		};
		92E7753D1730958000A111DF /* Build configuration list for PBXNativeTarget "FireflyFlashTests" */ = {
			isa = XCConfigurationList;
			buildConfigurations = (
				92E7753E1730958000A111DF /* Debug */,
				92E7753F1730958000A111DF /* Release */,
			);
			defaultConfigurationIsVisible = 0;
			defaultConfigurationName = Release;
		};
/* End XCConfigurationList section */
	};
	rootObject = 92E775011730958000A111DF /* Project object */;
}
