// !$*UTF8*$!
{
	archiveVersion = 1;
	classes = {
	};
	objectVersion = 46;
	objects = {

/* Begin PBXBuildFile section */
		920C5C551A956098001FBBA0 /* FDCrypto.m in Sources */ = {isa = PBXBuildFile; fileRef = 920C5C521A956098001FBBA0 /* FDCrypto.m */; };
		920C5C561A956098001FBBA0 /* FDIntelHex.m in Sources */ = {isa = PBXBuildFile; fileRef = 920C5C541A956098001FBBA0 /* FDIntelHex.m */; };
		920C5C5B1A95639E001FBBA0 /* FDJSON.m in Sources */ = {isa = PBXBuildFile; fileRef = 920C5C5A1A95639E001FBBA0 /* FDJSON.m */; };
		922A14811A8CEF990069043E /* main.m in Sources */ = {isa = PBXBuildFile; fileRef = 922A14801A8CEF990069043E /* main.m */; };
		92556A741A958C2100546DE4 /* sha1.c in Sources */ = {isa = PBXBuildFile; fileRef = 92556A731A958C2100546DE4 /* sha1.c */; };
		92FC7E8F1A8D258A002D609F /* Security.framework in Frameworks */ = {isa = PBXBuildFile; fileRef = 92FC7E8E1A8D258A002D609F /* Security.framework */; };
		92FC7E911A8D25BA002D609F /* CoreFoundation.framework in Frameworks */ = {isa = PBXBuildFile; fileRef = 92FC7E901A8D25BA002D609F /* CoreFoundation.framework */; };
/* End PBXBuildFile section */

/* Begin PBXCopyFilesBuildPhase section */
		920C5C4E1A955DEA001FBBA0 /* CopyFiles */ = {
			isa = PBXCopyFilesBuildPhase;
			buildActionMask = 2147483647;
			dstPath = "";
			dstSubfolderSpec = 10;
			files = (
			);
			runOnlyForDeploymentPostprocessing = 0;
		};
		922A147B1A8CEF990069043E /* CopyFiles */ = {
			isa = PBXCopyFilesBuildPhase;
			buildActionMask = 2147483647;
			dstPath = /usr/share/man/man1/;
			dstSubfolderSpec = 0;
			files = (
			);
			runOnlyForDeploymentPostprocessing = 1;
		};
/* End PBXCopyFilesBuildPhase section */

/* Begin PBXFileReference section */
		920C5C511A956098001FBBA0 /* FDCrypto.h */ = {isa = PBXFileReference; fileEncoding = 4; lastKnownFileType = sourcecode.c.h; name = FDCrypto.h; path = "../../../firefly-ice-api/FireflyDevice/FireflyDevice/FDCrypto.h"; sourceTree = "<group>"; };
		920C5C521A956098001FBBA0 /* FDCrypto.m */ = {isa = PBXFileReference; fileEncoding = 4; lastKnownFileType = sourcecode.c.objc; name = FDCrypto.m; path = "../../../firefly-ice-api/FireflyDevice/FireflyDevice/FDCrypto.m"; sourceTree = "<group>"; };
		920C5C531A956098001FBBA0 /* FDIntelHex.h */ = {isa = PBXFileReference; fileEncoding = 4; lastKnownFileType = sourcecode.c.h; name = FDIntelHex.h; path = "../../../firefly-ice-api/FireflyDevice/FireflyDevice/FDIntelHex.h"; sourceTree = "<group>"; };
		920C5C541A956098001FBBA0 /* FDIntelHex.m */ = {isa = PBXFileReference; fileEncoding = 4; lastKnownFileType = sourcecode.c.objc; name = FDIntelHex.m; path = "../../../firefly-ice-api/FireflyDevice/FireflyDevice/FDIntelHex.m"; sourceTree = "<group>"; };
		920C5C591A95639E001FBBA0 /* FDJSON.h */ = {isa = PBXFileReference; fileEncoding = 4; lastKnownFileType = sourcecode.c.h; name = FDJSON.h; path = "../../../firefly-ice-api/FireflyDevice/FireflyDevice/FDJSON.h"; sourceTree = "<group>"; };
		920C5C5A1A95639E001FBBA0 /* FDJSON.m */ = {isa = PBXFileReference; fileEncoding = 4; lastKnownFileType = sourcecode.c.objc; name = FDJSON.m; path = "../../../firefly-ice-api/FireflyDevice/FireflyDevice/FDJSON.m"; sourceTree = "<group>"; };
		922A147D1A8CEF990069043E /* FireflyCrypto */ = {isa = PBXFileReference; explicitFileType = "compiled.mach-o.executable"; includeInIndex = 0; path = FireflyCrypto; sourceTree = BUILT_PRODUCTS_DIR; };
		922A14801A8CEF990069043E /* main.m */ = {isa = PBXFileReference; lastKnownFileType = sourcecode.c.objc; path = main.m; sourceTree = "<group>"; };
		92556A721A958C2100546DE4 /* sha.h */ = {isa = PBXFileReference; fileEncoding = 4; lastKnownFileType = sourcecode.c.h; name = sha.h; path = "../../../firefly-ice-firmware/src/sha.h"; sourceTree = "<group>"; };
		92556A731A958C2100546DE4 /* sha1.c */ = {isa = PBXFileReference; fileEncoding = 4; lastKnownFileType = sourcecode.c.c; name = sha1.c; path = "../../../firefly-ice-firmware/src/sha1.c"; sourceTree = "<group>"; };
		92FC7E8E1A8D258A002D609F /* Security.framework */ = {isa = PBXFileReference; lastKnownFileType = wrapper.framework; name = Security.framework; path = System/Library/Frameworks/Security.framework; sourceTree = SDKROOT; };
		92FC7E901A8D25BA002D609F /* CoreFoundation.framework */ = {isa = PBXFileReference; lastKnownFileType = wrapper.framework; name = CoreFoundation.framework; path = System/Library/Frameworks/CoreFoundation.framework; sourceTree = SDKROOT; };
/* End PBXFileReference section */

/* Begin PBXFrameworksBuildPhase section */
		922A147A1A8CEF990069043E /* Frameworks */ = {
			isa = PBXFrameworksBuildPhase;
			buildActionMask = 2147483647;
			files = (
				92FC7E911A8D25BA002D609F /* CoreFoundation.framework in Frameworks */,
				92FC7E8F1A8D258A002D609F /* Security.framework in Frameworks */,
			);
			runOnlyForDeploymentPostprocessing = 0;
		};
/* End PBXFrameworksBuildPhase section */

/* Begin PBXGroup section */
		922A14741A8CEF990069043E = {
			isa = PBXGroup;
			children = (
				92FC7E901A8D25BA002D609F /* CoreFoundation.framework */,
				92FC7E8E1A8D258A002D609F /* Security.framework */,
				922A147F1A8CEF990069043E /* FireflyCrypto */,
				922A147E1A8CEF990069043E /* Products */,
			);
			sourceTree = "<group>";
		};
		922A147E1A8CEF990069043E /* Products */ = {
			isa = PBXGroup;
			children = (
				922A147D1A8CEF990069043E /* FireflyCrypto */,
			);
			name = Products;
			sourceTree = "<group>";
		};
		922A147F1A8CEF990069043E /* FireflyCrypto */ = {
			isa = PBXGroup;
			children = (
				92556A721A958C2100546DE4 /* sha.h */,
				92556A731A958C2100546DE4 /* sha1.c */,
				920C5C591A95639E001FBBA0 /* FDJSON.h */,
				920C5C5A1A95639E001FBBA0 /* FDJSON.m */,
				920C5C511A956098001FBBA0 /* FDCrypto.h */,
				920C5C521A956098001FBBA0 /* FDCrypto.m */,
				920C5C531A956098001FBBA0 /* FDIntelHex.h */,
				920C5C541A956098001FBBA0 /* FDIntelHex.m */,
				922A14801A8CEF990069043E /* main.m */,
			);
			path = FireflyCrypto;
			sourceTree = "<group>";
		};
/* End PBXGroup section */

/* Begin PBXNativeTarget section */
		922A147C1A8CEF990069043E /* FireflyCrypto */ = {
			isa = PBXNativeTarget;
			buildConfigurationList = 922A14841A8CEF990069043E /* Build configuration list for PBXNativeTarget "FireflyCrypto" */;
			buildPhases = (
				922A14791A8CEF990069043E /* Sources */,
				922A147A1A8CEF990069043E /* Frameworks */,
				922A147B1A8CEF990069043E /* CopyFiles */,
				920C5C4E1A955DEA001FBBA0 /* CopyFiles */,
			);
			buildRules = (
			);
			dependencies = (
			);
			name = FireflyCrypto;
			productName = FireflyCrypto;
			productReference = 922A147D1A8CEF990069043E /* FireflyCrypto */;
			productType = "com.apple.product-type.tool";
		};
/* End PBXNativeTarget section */

/* Begin PBXProject section */
		922A14751A8CEF990069043E /* Project object */ = {
			isa = PBXProject;
			attributes = {
				LastUpgradeCheck = 0610;
				ORGANIZATIONNAME = "Firefly Design";
				TargetAttributes = {
					922A147C1A8CEF990069043E = {
						CreatedOnToolsVersion = 6.1.1;
					};
				};
			};
			buildConfigurationList = 922A14781A8CEF990069043E /* Build configuration list for PBXProject "FireflyCrypto" */;
			compatibilityVersion = "Xcode 3.2";
			developmentRegion = English;
			hasScannedForEncodings = 0;
			knownRegions = (
				en,
			);
			mainGroup = 922A14741A8CEF990069043E;
			productRefGroup = 922A147E1A8CEF990069043E /* Products */;
			projectDirPath = "";
			projectRoot = "";
			targets = (
				922A147C1A8CEF990069043E /* FireflyCrypto */,
			);
		};
/* End PBXProject section */

/* Begin PBXSourcesBuildPhase section */
		922A14791A8CEF990069043E /* Sources */ = {
			isa = PBXSourcesBuildPhase;
			buildActionMask = 2147483647;
			files = (
				92556A741A958C2100546DE4 /* sha1.c in Sources */,
				920C5C561A956098001FBBA0 /* FDIntelHex.m in Sources */,
				920C5C551A956098001FBBA0 /* FDCrypto.m in Sources */,
				922A14811A8CEF990069043E /* main.m in Sources */,
				920C5C5B1A95639E001FBBA0 /* FDJSON.m in Sources */,
			);
			runOnlyForDeploymentPostprocessing = 0;
		};
/* End PBXSourcesBuildPhase section */

/* Begin XCBuildConfiguration section */
		922A14821A8CEF990069043E /* Debug */ = {
			isa = XCBuildConfiguration;
			buildSettings = {
				ALWAYS_SEARCH_USER_PATHS = NO;
				CLANG_CXX_LANGUAGE_STANDARD = "gnu++0x";
				CLANG_CXX_LIBRARY = "libc++";
				CLANG_ENABLE_MODULES = YES;
				CLANG_ENABLE_OBJC_ARC = YES;
				CLANG_WARN_BOOL_CONVERSION = YES;
				CLANG_WARN_CONSTANT_CONVERSION = YES;
				CLANG_WARN_DIRECT_OBJC_ISA_USAGE = YES_ERROR;
				CLANG_WARN_EMPTY_BODY = YES;
				CLANG_WARN_ENUM_CONVERSION = YES;
				CLANG_WARN_INT_CONVERSION = YES;
				CLANG_WARN_OBJC_ROOT_CLASS = YES_ERROR;
				CLANG_WARN_UNREACHABLE_CODE = YES;
				CLANG_WARN__DUPLICATE_METHOD_MATCH = YES;
				COPY_PHASE_STRIP = NO;
				ENABLE_STRICT_OBJC_MSGSEND = YES;
				GCC_C_LANGUAGE_STANDARD = gnu99;
				GCC_DYNAMIC_NO_PIC = NO;
				GCC_OPTIMIZATION_LEVEL = 0;
				GCC_PREPROCESSOR_DEFINITIONS = (
					"DEBUG=1",
					"$(inherited)",
				);
				GCC_SYMBOLS_PRIVATE_EXTERN = NO;
				GCC_WARN_64_TO_32_BIT_CONVERSION = YES;
				GCC_WARN_ABOUT_RETURN_TYPE = YES_ERROR;
				GCC_WARN_UNDECLARED_SELECTOR = YES;
				GCC_WARN_UNINITIALIZED_AUTOS = YES_AGGRESSIVE;
				GCC_WARN_UNUSED_FUNCTION = YES;
				GCC_WARN_UNUSED_VARIABLE = YES;
				MACOSX_DEPLOYMENT_TARGET = 10.10;
				MTL_ENABLE_DEBUG_INFO = YES;
				ONLY_ACTIVE_ARCH = YES;
				SDKROOT = macosx;
			};
			name = Debug;
		};
		922A14831A8CEF990069043E /* Release */ = {
			isa = XCBuildConfiguration;
			buildSettings = {
				ALWAYS_SEARCH_USER_PATHS = NO;
				CLANG_CXX_LANGUAGE_STANDARD = "gnu++0x";
				CLANG_CXX_LIBRARY = "libc++";
				CLANG_ENABLE_MODULES = YES;
				CLANG_ENABLE_OBJC_ARC = YES;
				CLANG_WARN_BOOL_CONVERSION = YES;
				CLANG_WARN_CONSTANT_CONVERSION = YES;
				CLANG_WARN_DIRECT_OBJC_ISA_USAGE = YES_ERROR;
				CLANG_WARN_EMPTY_BODY = YES;
				CLANG_WARN_ENUM_CONVERSION = YES;
				CLANG_WARN_INT_CONVERSION = YES;
				CLANG_WARN_OBJC_ROOT_CLASS = YES_ERROR;
				CLANG_WARN_UNREACHABLE_CODE = YES;
				CLANG_WARN__DUPLICATE_METHOD_MATCH = YES;
				COPY_PHASE_STRIP = YES;
				DEBUG_INFORMATION_FORMAT = "dwarf-with-dsym";
				ENABLE_NS_ASSERTIONS = NO;
				ENABLE_STRICT_OBJC_MSGSEND = YES;
				GCC_C_LANGUAGE_STANDARD = gnu99;
				GCC_WARN_64_TO_32_BIT_CONVERSION = YES;
				GCC_WARN_ABOUT_RETURN_TYPE = YES_ERROR;
				GCC_WARN_UNDECLARED_SELECTOR = YES;
				GCC_WARN_UNINITIALIZED_AUTOS = YES_AGGRESSIVE;
				GCC_WARN_UNUSED_FUNCTION = YES;
				GCC_WARN_UNUSED_VARIABLE = YES;
				MACOSX_DEPLOYMENT_TARGET = 10.10;
				MTL_ENABLE_DEBUG_INFO = NO;
				SDKROOT = macosx;
			};
			name = Release;
		};
		922A14851A8CEF990069043E /* Debug */ = {
			isa = XCBuildConfiguration;
			buildSettings = {
				PRODUCT_NAME = "$(TARGET_NAME)";
			};
			name = Debug;
		};
		922A14861A8CEF990069043E /* Release */ = {
			isa = XCBuildConfiguration;
			buildSettings = {
				PRODUCT_NAME = "$(TARGET_NAME)";
			};
			name = Release;
		};
/* End XCBuildConfiguration section */

/* Begin XCConfigurationList section */
		922A14781A8CEF990069043E /* Build configuration list for PBXProject "FireflyCrypto" */ = {
			isa = XCConfigurationList;
			buildConfigurations = (
				922A14821A8CEF990069043E /* Debug */,
				922A14831A8CEF990069043E /* Release */,
			);
			defaultConfigurationIsVisible = 0;
			defaultConfigurationName = Release;
		};
		922A14841A8CEF990069043E /* Build configuration list for PBXNativeTarget "FireflyCrypto" */ = {
			isa = XCConfigurationList;
			buildConfigurations = (
				922A14851A8CEF990069043E /* Debug */,
				922A14861A8CEF990069043E /* Release */,
			);
			defaultConfigurationIsVisible = 0;
			defaultConfigurationName = Release;
		};
/* End XCConfigurationList section */
	};
	rootObject = 922A14751A8CEF990069043E /* Project object */;
}
