// !$*UTF8*$!
{
	archiveVersion = 1;
	classes = {
	};
	objectVersion = 48;
	objects = {

/* Begin PBXBuildFile section */
		920C18F920FFCA6100B9786E /* aw_test_suite_apollo.elf in Resources */ = {isa = PBXBuildFile; fileRef = 920C18F820FFCA6100B9786E /* aw_test_suite_apollo.elf */; };
		921B4D51206AAA7B0072BEAF /* IdentifyScript.swift in Sources */ = {isa = PBXBuildFile; fileRef = 921B4D50206AAA7B0072BEAF /* IdentifyScript.swift */; };
		921B4D54206AAF270072BEAF /* FixtureScript.swift in Sources */ = {isa = PBXBuildFile; fileRef = 921B4D53206AAF270072BEAF /* FixtureScript.swift */; };
		921B4D56206AB0D30072BEAF /* SerialWireDebugScript.swift in Sources */ = {isa = PBXBuildFile; fileRef = 921B4D55206AB0D30072BEAF /* SerialWireDebugScript.swift */; };
		921B4D58206AB1BF0072BEAF /* SpiFlashTestScript.swift in Sources */ = {isa = PBXBuildFile; fileRef = 921B4D57206AB1BF0072BEAF /* SpiFlashTestScript.swift */; };
		922121BB206F1CEA009EF087 /* Cortex.swift in Sources */ = {isa = PBXBuildFile; fileRef = 922121BA206F1CEA009EF087 /* Cortex.swift */; };
		9235F68321065614002B30F4 /* ChargeScript.swift in Sources */ = {isa = PBXBuildFile; fileRef = 9235F68221065614002B30F4 /* ChargeScript.swift */; };
		924410F720AF24090082D0D1 /* s140_nrf52_6.0.0_softdevice.hex in Resources */ = {isa = PBXBuildFile; fileRef = 924410F520AF24090082D0D1 /* s140_nrf52_6.0.0_softdevice.hex */; };
		924410F920AF241B0082D0D1 /* atlas_app.hex in Resources */ = {isa = PBXBuildFile; fileRef = 924410F820AF241B0082D0D1 /* atlas_app.hex */; };
		924410FB20AF242B0082D0D1 /* atlas_boot.hex in Resources */ = {isa = PBXBuildFile; fileRef = 924410FA20AF242B0082D0D1 /* atlas_boot.hex */; };
		925142232098B41E004A22B9 /* DisplayTestScript.swift in Sources */ = {isa = PBXBuildFile; fileRef = 925142222098B41E004A22B9 /* DisplayTestScript.swift */; };
		925142282098F6AE004A22B9 /* PowerSetupScript.swift in Sources */ = {isa = PBXBuildFile; fileRef = 925142272098F6AE004A22B9 /* PowerSetupScript.swift */; };
		925F481D20ACB8A900D22C00 /* ProgramScript.swift in Sources */ = {isa = PBXBuildFile; fileRef = 925F481C20ACB8A900D22C00 /* ProgramScript.swift */; };
		925F482020ACB96100D22C00 /* Programmer.swift in Sources */ = {isa = PBXBuildFile; fileRef = 925F481F20ACB96100D22C00 /* Programmer.swift */; };
		925FB256206BDFDF0071E417 /* Heap.swift in Sources */ = {isa = PBXBuildFile; fileRef = 925FB255206BDFDF0071E417 /* Heap.swift */; };
		92654D03205B06E9008D000D /* AppDelegate.swift in Sources */ = {isa = PBXBuildFile; fileRef = 92654D02205B06E9008D000D /* AppDelegate.swift */; };
		92654D05205B06E9008D000D /* ViewController.swift in Sources */ = {isa = PBXBuildFile; fileRef = 92654D04205B06E9008D000D /* ViewController.swift */; };
		92654D07205B06E9008D000D /* Assets.xcassets in Resources */ = {isa = PBXBuildFile; fileRef = 92654D06205B06E9008D000D /* Assets.xcassets */; };
		92654D0A205B06E9008D000D /* Main.storyboard in Resources */ = {isa = PBXBuildFile; fileRef = 92654D08205B06E9008D000D /* Main.storyboard */; };
		92654D16205B06E9008D000D /* Firefly_Instrument_PanelTests.swift in Sources */ = {isa = PBXBuildFile; fileRef = 92654D15205B06E9008D000D /* Firefly_Instrument_PanelTests.swift */; };
		92654D21205B080D008D000D /* Fixture.swift in Sources */ = {isa = PBXBuildFile; fileRef = 92654D20205B080D008D000D /* Fixture.swift */; };
		9266027D206A9F5900DF7B43 /* Runner.swift in Sources */ = {isa = PBXBuildFile; fileRef = 9266027C206A9F5900DF7B43 /* Runner.swift */; };
		92660280206AA30700DF7B43 /* Presenter.swift in Sources */ = {isa = PBXBuildFile; fileRef = 9266027F206AA30700DF7B43 /* Presenter.swift */; };
		92660282206AA4A400DF7B43 /* Script.swift in Sources */ = {isa = PBXBuildFile; fileRef = 92660281206AA4A400DF7B43 /* Script.swift */; };
		9285261C20BDCF8400BD2CF6 /* QuiescentScript.swift in Sources */ = {isa = PBXBuildFile; fileRef = 9285261B20BDCF8400BD2CF6 /* QuiescentScript.swift */; };
		9285262320BDD44C00BD2CF6 /* fd_test_suite_nrf5.elf in Resources */ = {isa = PBXBuildFile; fileRef = 9285262220BDD44C00BD2CF6 /* fd_test_suite_nrf5.elf */; };
		9285262620BDD4BA00BD2CF6 /* fd_test_suite_apollo.elf in Resources */ = {isa = PBXBuildFile; fileRef = 9285262520BDD4BA00BD2CF6 /* fd_test_suite_apollo.elf */; };
		9285262820BDDAD800BD2CF6 /* fd_quiescent_test_nrf5.hex in Resources */ = {isa = PBXBuildFile; fileRef = 9285262720BDDAD800BD2CF6 /* fd_quiescent_test_nrf5.hex */; };
		9285262A20BDDAE200BD2CF6 /* fd_quiescent_test_apollo.hex in Resources */ = {isa = PBXBuildFile; fileRef = 9285262920BDDAE200BD2CF6 /* fd_quiescent_test_apollo.hex */; };
		92921BFE20A61CAF00837756 /* BatteryPowerScript.swift in Sources */ = {isa = PBXBuildFile; fileRef = 92921BFD20A61CAF00837756 /* BatteryPowerScript.swift */; };
		92D86D1E205B08AE00BEED38 /* FireflyInstruments.framework in Frameworks */ = {isa = PBXBuildFile; fileRef = 92654D28205B084F008D000D /* FireflyInstruments.framework */; };
		92D86D1F205B08AE00BEED38 /* FireflyInstruments.framework in Embed Frameworks */ = {isa = PBXBuildFile; fileRef = 92654D28205B084F008D000D /* FireflyInstruments.framework */; settings = {ATTRIBUTES = (CodeSignOnCopy, RemoveHeadersOnCopy, ); }; };
/* End PBXBuildFile section */

/* Begin PBXContainerItemProxy section */
		92654D12205B06E9008D000D /* PBXContainerItemProxy */ = {
			isa = PBXContainerItemProxy;
			containerPortal = 92654CF7205B06E9008D000D /* Project object */;
			proxyType = 1;
			remoteGlobalIDString = 92654CFE205B06E9008D000D;
			remoteInfo = "Firefly Instrument Panel";
		};
		92654D27205B084F008D000D /* PBXContainerItemProxy */ = {
			isa = PBXContainerItemProxy;
			containerPortal = 92654D22205B084F008D000D /* FireflyInstruments.xcodeproj */;
			proxyType = 2;
			remoteGlobalIDString = 9272D9531D36D29D00830CF5;
			remoteInfo = FireflyInstruments;
		};
		92654D29205B084F008D000D /* PBXContainerItemProxy */ = {
			isa = PBXContainerItemProxy;
			containerPortal = 92654D22205B084F008D000D /* FireflyInstruments.xcodeproj */;
			proxyType = 2;
			remoteGlobalIDString = 9272D95D1D36D29D00830CF5;
			remoteInfo = FireflyInstrumentsTests;
		};
		92D86D1A205B089D00BEED38 /* PBXContainerItemProxy */ = {
			isa = PBXContainerItemProxy;
			containerPortal = 92654D22205B084F008D000D /* FireflyInstruments.xcodeproj */;
			proxyType = 1;
			remoteGlobalIDString = 9272D9521D36D29D00830CF5;
			remoteInfo = FireflyInstruments;
		};
		92D86D20205B08AE00BEED38 /* PBXContainerItemProxy */ = {
			isa = PBXContainerItemProxy;
			containerPortal = 92654D22205B084F008D000D /* FireflyInstruments.xcodeproj */;
			proxyType = 1;
			remoteGlobalIDString = 9272D9521D36D29D00830CF5;
			remoteInfo = FireflyInstruments;
		};
/* End PBXContainerItemProxy section */

/* Begin PBXCopyFilesBuildPhase section */
		92D86D22205B08AE00BEED38 /* Embed Frameworks */ = {
			isa = PBXCopyFilesBuildPhase;
			buildActionMask = 2147483647;
			dstPath = "";
			dstSubfolderSpec = 10;
			files = (
				92D86D1F205B08AE00BEED38 /* FireflyInstruments.framework in Embed Frameworks */,
			);
			name = "Embed Frameworks";
			runOnlyForDeploymentPostprocessing = 0;
		};
/* End PBXCopyFilesBuildPhase section */

/* Begin PBXFileReference section */
		920C18F820FFCA6100B9786E /* aw_test_suite_apollo.elf */ = {isa = PBXFileReference; lastKnownFileType = file; name = aw_test_suite_apollo.elf; path = "../../../../atlas/atlas-wristband3-firmware/build/aw_test_suite_apollo THUMB Debug/aw_test_suite_apollo.elf"; sourceTree = "<group>"; };
		921B4D50206AAA7B0072BEAF /* IdentifyScript.swift */ = {isa = PBXFileReference; lastKnownFileType = sourcecode.swift; path = IdentifyScript.swift; sourceTree = "<group>"; };
		921B4D53206AAF270072BEAF /* FixtureScript.swift */ = {isa = PBXFileReference; lastKnownFileType = sourcecode.swift; path = FixtureScript.swift; sourceTree = "<group>"; };
		921B4D55206AB0D30072BEAF /* SerialWireDebugScript.swift */ = {isa = PBXFileReference; lastKnownFileType = sourcecode.swift; path = SerialWireDebugScript.swift; sourceTree = "<group>"; };
		921B4D57206AB1BF0072BEAF /* SpiFlashTestScript.swift */ = {isa = PBXFileReference; lastKnownFileType = sourcecode.swift; path = SpiFlashTestScript.swift; sourceTree = "<group>"; };
		922121BA206F1CEA009EF087 /* Cortex.swift */ = {isa = PBXFileReference; lastKnownFileType = sourcecode.swift; path = Cortex.swift; sourceTree = "<group>"; };
		9235F68221065614002B30F4 /* ChargeScript.swift */ = {isa = PBXFileReference; lastKnownFileType = sourcecode.swift; path = ChargeScript.swift; sourceTree = "<group>"; };
		923900DC2062D94400EC9AB4 /* Firefly Instrument Panel.entitlements */ = {isa = PBXFileReference; lastKnownFileType = text.plist.entitlements; path = "Firefly Instrument Panel.entitlements"; sourceTree = "<group>"; };
		924410F520AF24090082D0D1 /* s140_nrf52_6.0.0_softdevice.hex */ = {isa = PBXFileReference; fileEncoding = 4; lastKnownFileType = text; path = s140_nrf52_6.0.0_softdevice.hex; sourceTree = "<group>"; };
		924410F820AF241B0082D0D1 /* atlas_app.hex */ = {isa = PBXFileReference; fileEncoding = 4; lastKnownFileType = text; name = atlas_app.hex; path = "../../../../atlas/atlas-wristband3-firmware/build/atlas_app THUMB Release/atlas_app.hex"; sourceTree = "<group>"; };
		924410FA20AF242B0082D0D1 /* atlas_boot.hex */ = {isa = PBXFileReference; fileEncoding = 4; lastKnownFileType = text; name = atlas_boot.hex; path = "../../../../atlas/atlas-wristband3-firmware/build/atlas_boot THUMB Release/atlas_boot.hex"; sourceTree = "<group>"; };
		925142222098B41E004A22B9 /* DisplayTestScript.swift */ = {isa = PBXFileReference; lastKnownFileType = sourcecode.swift; path = DisplayTestScript.swift; sourceTree = "<group>"; };
		925142272098F6AE004A22B9 /* PowerSetupScript.swift */ = {isa = PBXFileReference; lastKnownFileType = sourcecode.swift; path = PowerSetupScript.swift; sourceTree = "<group>"; };
		925F481C20ACB8A900D22C00 /* ProgramScript.swift */ = {isa = PBXFileReference; lastKnownFileType = sourcecode.swift; path = ProgramScript.swift; sourceTree = "<group>"; };
		925F481F20ACB96100D22C00 /* Programmer.swift */ = {isa = PBXFileReference; lastKnownFileType = sourcecode.swift; path = Programmer.swift; sourceTree = "<group>"; };
		925FB255206BDFDF0071E417 /* Heap.swift */ = {isa = PBXFileReference; lastKnownFileType = sourcecode.swift; path = Heap.swift; sourceTree = "<group>"; };
		92654CFF205B06E9008D000D /* Firefly Instrument Panel.app */ = {isa = PBXFileReference; explicitFileType = wrapper.application; includeInIndex = 0; path = "Firefly Instrument Panel.app"; sourceTree = BUILT_PRODUCTS_DIR; };
		92654D02205B06E9008D000D /* AppDelegate.swift */ = {isa = PBXFileReference; lastKnownFileType = sourcecode.swift; path = AppDelegate.swift; sourceTree = "<group>"; };
		92654D04205B06E9008D000D /* ViewController.swift */ = {isa = PBXFileReference; lastKnownFileType = sourcecode.swift; path = ViewController.swift; sourceTree = "<group>"; };
		92654D06205B06E9008D000D /* Assets.xcassets */ = {isa = PBXFileReference; lastKnownFileType = folder.assetcatalog; path = Assets.xcassets; sourceTree = "<group>"; };
		92654D09205B06E9008D000D /* Base */ = {isa = PBXFileReference; lastKnownFileType = file.storyboard; name = Base; path = Base.lproj/Main.storyboard; sourceTree = "<group>"; };
		92654D0B205B06E9008D000D /* Info.plist */ = {isa = PBXFileReference; lastKnownFileType = text.plist.xml; path = Info.plist; sourceTree = "<group>"; };
		92654D0C205B06E9008D000D /* Firefly_Instrument_Panel.entitlements */ = {isa = PBXFileReference; lastKnownFileType = text.plist.entitlements; path = Firefly_Instrument_Panel.entitlements; sourceTree = "<group>"; };
		92654D11205B06E9008D000D /* Firefly Instrument PanelTests.xctest */ = {isa = PBXFileReference; explicitFileType = wrapper.cfbundle; includeInIndex = 0; path = "Firefly Instrument PanelTests.xctest"; sourceTree = BUILT_PRODUCTS_DIR; };
		92654D15205B06E9008D000D /* Firefly_Instrument_PanelTests.swift */ = {isa = PBXFileReference; lastKnownFileType = sourcecode.swift; path = Firefly_Instrument_PanelTests.swift; sourceTree = "<group>"; };
		92654D17205B06E9008D000D /* Info.plist */ = {isa = PBXFileReference; lastKnownFileType = text.plist.xml; path = Info.plist; sourceTree = "<group>"; };
		92654D20205B080D008D000D /* Fixture.swift */ = {isa = PBXFileReference; lastKnownFileType = sourcecode.swift; path = Fixture.swift; sourceTree = "<group>"; };
		92654D22205B084F008D000D /* FireflyInstruments.xcodeproj */ = {isa = PBXFileReference; lastKnownFileType = "wrapper.pb-project"; name = FireflyInstruments.xcodeproj; path = "../../firefly-instruments-api/FireflyInstruments/FireflyInstruments.xcodeproj"; sourceTree = "<group>"; };
		9266027C206A9F5900DF7B43 /* Runner.swift */ = {isa = PBXFileReference; lastKnownFileType = sourcecode.swift; path = Runner.swift; sourceTree = "<group>"; };
		9266027F206AA30700DF7B43 /* Presenter.swift */ = {isa = PBXFileReference; lastKnownFileType = sourcecode.swift; path = Presenter.swift; sourceTree = "<group>"; };
		92660281206AA4A400DF7B43 /* Script.swift */ = {isa = PBXFileReference; lastKnownFileType = sourcecode.swift; path = Script.swift; sourceTree = "<group>"; };
		9285261B20BDCF8400BD2CF6 /* QuiescentScript.swift */ = {isa = PBXFileReference; lastKnownFileType = sourcecode.swift; path = QuiescentScript.swift; sourceTree = "<group>"; };
		9285262220BDD44C00BD2CF6 /* fd_test_suite_nrf5.elf */ = {isa = PBXFileReference; lastKnownFileType = file; name = fd_test_suite_nrf5.elf; path = "../../../firefly-ice-firmware/fixture/fd_test_suite_nrf5 THUMB Debug/fd_test_suite_nrf5.elf"; sourceTree = "<group>"; };
		9285262520BDD4BA00BD2CF6 /* fd_test_suite_apollo.elf */ = {isa = PBXFileReference; lastKnownFileType = file; name = fd_test_suite_apollo.elf; path = "../../../firefly-ice-firmware/fixture/fd_test_suite_apollo THUMB Debug/fd_test_suite_apollo.elf"; sourceTree = "<group>"; };
		9285262720BDDAD800BD2CF6 /* fd_quiescent_test_nrf5.hex */ = {isa = PBXFileReference; fileEncoding = 4; lastKnownFileType = text; name = fd_quiescent_test_nrf5.hex; path = "../../../firefly-ice-firmware/fixture/fd_quiescent_test_nrf5 THUMB Release/fd_quiescent_test_nrf5.hex"; sourceTree = "<group>"; };
		9285262920BDDAE200BD2CF6 /* fd_quiescent_test_apollo.hex */ = {isa = PBXFileReference; fileEncoding = 4; lastKnownFileType = text; name = fd_quiescent_test_apollo.hex; path = "../../../firefly-ice-firmware/fixture/fd_quiescent_test_apollo THUMB Release/fd_quiescent_test_apollo.hex"; sourceTree = "<group>"; };
		92921BFD20A61CAF00837756 /* BatteryPowerScript.swift */ = {isa = PBXFileReference; lastKnownFileType = sourcecode.swift; path = BatteryPowerScript.swift; sourceTree = "<group>"; };
/* End PBXFileReference section */

/* Begin PBXFrameworksBuildPhase section */
		92654CFC205B06E9008D000D /* Frameworks */ = {
			isa = PBXFrameworksBuildPhase;
			buildActionMask = 2147483647;
			files = (
				92D86D1E205B08AE00BEED38 /* FireflyInstruments.framework in Frameworks */,
			);
			runOnlyForDeploymentPostprocessing = 0;
		};
		92654D0E205B06E9008D000D /* Frameworks */ = {
			isa = PBXFrameworksBuildPhase;
			buildActionMask = 2147483647;
			files = (
			);
			runOnlyForDeploymentPostprocessing = 0;
		};
/* End PBXFrameworksBuildPhase section */

/* Begin PBXGroup section */
		9235F67821065570002B30F4 /* scripts */ = {
			isa = PBXGroup;
			children = (
				92921BFD20A61CAF00837756 /* BatteryPowerScript.swift */,
				9235F68221065614002B30F4 /* ChargeScript.swift */,
				925142222098B41E004A22B9 /* DisplayTestScript.swift */,
				921B4D53206AAF270072BEAF /* FixtureScript.swift */,
				921B4D50206AAA7B0072BEAF /* IdentifyScript.swift */,
				925142272098F6AE004A22B9 /* PowerSetupScript.swift */,
				925F481C20ACB8A900D22C00 /* ProgramScript.swift */,
				9285261B20BDCF8400BD2CF6 /* QuiescentScript.swift */,
				921B4D55206AB0D30072BEAF /* SerialWireDebugScript.swift */,
				921B4D57206AB1BF0072BEAF /* SpiFlashTestScript.swift */,
			);
			name = scripts;
			sourceTree = "<group>";
		};
		924410FC20AF25E20082D0D1 /* firmware */ = {
			isa = PBXGroup;
			children = (
				920C18F820FFCA6100B9786E /* aw_test_suite_apollo.elf */,
				9285262920BDDAE200BD2CF6 /* fd_quiescent_test_apollo.hex */,
				9285262720BDDAD800BD2CF6 /* fd_quiescent_test_nrf5.hex */,
				9285262520BDD4BA00BD2CF6 /* fd_test_suite_apollo.elf */,
				9285262220BDD44C00BD2CF6 /* fd_test_suite_nrf5.elf */,
				924410F520AF24090082D0D1 /* s140_nrf52_6.0.0_softdevice.hex */,
				924410FA20AF242B0082D0D1 /* atlas_boot.hex */,
				924410F820AF241B0082D0D1 /* atlas_app.hex */,
			);
			name = firmware;
			sourceTree = "<group>";
		};
		924410FF20AF26770082D0D1 /* misc */ = {
			isa = PBXGroup;
			children = (
				92654D0B205B06E9008D000D /* Info.plist */,
				923900DC2062D94400EC9AB4 /* Firefly Instrument Panel.entitlements */,
				92654D0C205B06E9008D000D /* Firefly_Instrument_Panel.entitlements */,
				92654D06205B06E9008D000D /* Assets.xcassets */,
			);
			name = misc;
			sourceTree = "<group>";
		};
		92654CF6205B06E9008D000D = {
			isa = PBXGroup;
			children = (
				92654D22205B084F008D000D /* FireflyInstruments.xcodeproj */,
				92654D01205B06E9008D000D /* Firefly Instrument Panel */,
				92654D14205B06E9008D000D /* Firefly Instrument PanelTests */,
				92654D00205B06E9008D000D /* Products */,
			);
			sourceTree = "<group>";
		};
		92654D00205B06E9008D000D /* Products */ = {
			isa = PBXGroup;
			children = (
				92654CFF205B06E9008D000D /* Firefly Instrument Panel.app */,
				92654D11205B06E9008D000D /* Firefly Instrument PanelTests.xctest */,
			);
			name = Products;
			sourceTree = "<group>";
		};
		92654D01205B06E9008D000D /* Firefly Instrument Panel */ = {
			isa = PBXGroup;
			children = (
				9235F67821065570002B30F4 /* scripts */,
				92654D02205B06E9008D000D /* AppDelegate.swift */,
				922121BA206F1CEA009EF087 /* Cortex.swift */,
				924410FC20AF25E20082D0D1 /* firmware */,
				92654D20205B080D008D000D /* Fixture.swift */,
				925FB255206BDFDF0071E417 /* Heap.swift */,
				92654D08205B06E9008D000D /* Main.storyboard */,
				924410FF20AF26770082D0D1 /* misc */,
				9266027F206AA30700DF7B43 /* Presenter.swift */,
				925F481F20ACB96100D22C00 /* Programmer.swift */,
				9266027C206A9F5900DF7B43 /* Runner.swift */,
				92660281206AA4A400DF7B43 /* Script.swift */,
				92654D04205B06E9008D000D /* ViewController.swift */,
			);
			path = "Firefly Instrument Panel";
			sourceTree = "<group>";
		};
		92654D14205B06E9008D000D /* Firefly Instrument PanelTests */ = {
			isa = PBXGroup;
			children = (
				92654D15205B06E9008D000D /* Firefly_Instrument_PanelTests.swift */,
				92654D17205B06E9008D000D /* Info.plist */,
			);
			path = "Firefly Instrument PanelTests";
			sourceTree = "<group>";
		};
		92654D23205B084F008D000D /* Products */ = {
			isa = PBXGroup;
			children = (
				92654D28205B084F008D000D /* FireflyInstruments.framework */,
				92654D2A205B084F008D000D /* FireflyInstrumentsTests.xctest */,
			);
			name = Products;
			sourceTree = "<group>";
		};
/* End PBXGroup section */

/* Begin PBXNativeTarget section */
		92654CFE205B06E9008D000D /* Firefly Instrument Panel */ = {
			isa = PBXNativeTarget;
			buildConfigurationList = 92654D1A205B06E9008D000D /* Build configuration list for PBXNativeTarget "Firefly Instrument Panel" */;
			buildPhases = (
				92654CFB205B06E9008D000D /* Sources */,
				92654CFC205B06E9008D000D /* Frameworks */,
				92654CFD205B06E9008D000D /* Resources */,
				92D86D22205B08AE00BEED38 /* Embed Frameworks */,
			);
			buildRules = (
			);
			dependencies = (
				92D86D1B205B089D00BEED38 /* PBXTargetDependency */,
				92D86D21205B08AE00BEED38 /* PBXTargetDependency */,
			);
			name = "Firefly Instrument Panel";
			productName = "Firefly Instrument Panel";
			productReference = 92654CFF205B06E9008D000D /* Firefly Instrument Panel.app */;
			productType = "com.apple.product-type.application";
		};
		92654D10205B06E9008D000D /* Firefly Instrument PanelTests */ = {
			isa = PBXNativeTarget;
			buildConfigurationList = 92654D1D205B06E9008D000D /* Build configuration list for PBXNativeTarget "Firefly Instrument PanelTests" */;
			buildPhases = (
				92654D0D205B06E9008D000D /* Sources */,
				92654D0E205B06E9008D000D /* Frameworks */,
				92654D0F205B06E9008D000D /* Resources */,
			);
			buildRules = (
			);
			dependencies = (
				92654D13205B06E9008D000D /* PBXTargetDependency */,
			);
			name = "Firefly Instrument PanelTests";
			productName = "Firefly Instrument PanelTests";
			productReference = 92654D11205B06E9008D000D /* Firefly Instrument PanelTests.xctest */;
			productType = "com.apple.product-type.bundle.unit-test";
		};
/* End PBXNativeTarget section */

/* Begin PBXProject section */
		92654CF7205B06E9008D000D /* Project object */ = {
			isa = PBXProject;
			attributes = {
				LastSwiftUpdateCheck = 0920;
				LastUpgradeCheck = 0930;
				ORGANIZATIONNAME = "Firefly Design LLC";
				TargetAttributes = {
					92654CFE205B06E9008D000D = {
						CreatedOnToolsVersion = 9.2;
						ProvisioningStyle = Automatic;
					};
					92654D10205B06E9008D000D = {
						CreatedOnToolsVersion = 9.2;
						ProvisioningStyle = Automatic;
						TestTargetID = 92654CFE205B06E9008D000D;
					};
				};
			};
			buildConfigurationList = 92654CFA205B06E9008D000D /* Build configuration list for PBXProject "Firefly Instrument Panel" */;
			compatibilityVersion = "Xcode 8.0";
			developmentRegion = en;
			hasScannedForEncodings = 0;
			knownRegions = (
				en,
				Base,
			);
			mainGroup = 92654CF6205B06E9008D000D;
			productRefGroup = 92654D00205B06E9008D000D /* Products */;
			projectDirPath = "";
			projectReferences = (
				{
					ProductGroup = 92654D23205B084F008D000D /* Products */;
					ProjectRef = 92654D22205B084F008D000D /* FireflyInstruments.xcodeproj */;
				},
			);
			projectRoot = "";
			targets = (
				92654CFE205B06E9008D000D /* Firefly Instrument Panel */,
				92654D10205B06E9008D000D /* Firefly Instrument PanelTests */,
			);
		};
/* End PBXProject section */

/* Begin PBXReferenceProxy section */
		92654D28205B084F008D000D /* FireflyInstruments.framework */ = {
			isa = PBXReferenceProxy;
			fileType = wrapper.framework;
			path = FireflyInstruments.framework;
			remoteRef = 92654D27205B084F008D000D /* PBXContainerItemProxy */;
			sourceTree = BUILT_PRODUCTS_DIR;
		};
		92654D2A205B084F008D000D /* FireflyInstrumentsTests.xctest */ = {
			isa = PBXReferenceProxy;
			fileType = wrapper.cfbundle;
			path = FireflyInstrumentsTests.xctest;
			remoteRef = 92654D29205B084F008D000D /* PBXContainerItemProxy */;
			sourceTree = BUILT_PRODUCTS_DIR;
		};
/* End PBXReferenceProxy section */

/* Begin PBXResourcesBuildPhase section */
		92654CFD205B06E9008D000D /* Resources */ = {
			isa = PBXResourcesBuildPhase;
			buildActionMask = 2147483647;
			files = (
				9285262820BDDAD800BD2CF6 /* fd_quiescent_test_nrf5.hex in Resources */,
				92654D07205B06E9008D000D /* Assets.xcassets in Resources */,
				9285262620BDD4BA00BD2CF6 /* fd_test_suite_apollo.elf in Resources */,
				924410F920AF241B0082D0D1 /* atlas_app.hex in Resources */,
				9285262A20BDDAE200BD2CF6 /* fd_quiescent_test_apollo.hex in Resources */,
				920C18F920FFCA6100B9786E /* aw_test_suite_apollo.elf in Resources */,
				924410FB20AF242B0082D0D1 /* atlas_boot.hex in Resources */,
				924410F720AF24090082D0D1 /* s140_nrf52_6.0.0_softdevice.hex in Resources */,
				92654D0A205B06E9008D000D /* Main.storyboard in Resources */,
				9285262320BDD44C00BD2CF6 /* fd_test_suite_nrf5.elf in Resources */,
			);
			runOnlyForDeploymentPostprocessing = 0;
		};
		92654D0F205B06E9008D000D /* Resources */ = {
			isa = PBXResourcesBuildPhase;
			buildActionMask = 2147483647;
			files = (
			);
			runOnlyForDeploymentPostprocessing = 0;
		};
/* End PBXResourcesBuildPhase section */

/* Begin PBXSourcesBuildPhase section */
		92654CFB205B06E9008D000D /* Sources */ = {
			isa = PBXSourcesBuildPhase;
			buildActionMask = 2147483647;
			files = (
				925142282098F6AE004A22B9 /* PowerSetupScript.swift in Sources */,
				921B4D58206AB1BF0072BEAF /* SpiFlashTestScript.swift in Sources */,
				92921BFE20A61CAF00837756 /* BatteryPowerScript.swift in Sources */,
				925F482020ACB96100D22C00 /* Programmer.swift in Sources */,
				9285261C20BDCF8400BD2CF6 /* QuiescentScript.swift in Sources */,
				92654D05205B06E9008D000D /* ViewController.swift in Sources */,
				925142232098B41E004A22B9 /* DisplayTestScript.swift in Sources */,
				9266027D206A9F5900DF7B43 /* Runner.swift in Sources */,
				921B4D54206AAF270072BEAF /* FixtureScript.swift in Sources */,
				922121BB206F1CEA009EF087 /* Cortex.swift in Sources */,
				9235F68321065614002B30F4 /* ChargeScript.swift in Sources */,
				92654D03205B06E9008D000D /* AppDelegate.swift in Sources */,
				921B4D56206AB0D30072BEAF /* SerialWireDebugScript.swift in Sources */,
				92654D21205B080D008D000D /* Fixture.swift in Sources */,
				925F481D20ACB8A900D22C00 /* ProgramScript.swift in Sources */,
				921B4D51206AAA7B0072BEAF /* IdentifyScript.swift in Sources */,
				92660282206AA4A400DF7B43 /* Script.swift in Sources */,
				92660280206AA30700DF7B43 /* Presenter.swift in Sources */,
				925FB256206BDFDF0071E417 /* Heap.swift in Sources */,
			);
			runOnlyForDeploymentPostprocessing = 0;
		};
		92654D0D205B06E9008D000D /* Sources */ = {
			isa = PBXSourcesBuildPhase;
			buildActionMask = 2147483647;
			files = (
				92654D16205B06E9008D000D /* Firefly_Instrument_PanelTests.swift in Sources */,
			);
			runOnlyForDeploymentPostprocessing = 0;
		};
/* End PBXSourcesBuildPhase section */

/* Begin PBXTargetDependency section */
		92654D13205B06E9008D000D /* PBXTargetDependency */ = {
			isa = PBXTargetDependency;
			target = 92654CFE205B06E9008D000D /* Firefly Instrument Panel */;
			targetProxy = 92654D12205B06E9008D000D /* PBXContainerItemProxy */;
		};
		92D86D1B205B089D00BEED38 /* PBXTargetDependency */ = {
			isa = PBXTargetDependency;
			name = FireflyInstruments;
			targetProxy = 92D86D1A205B089D00BEED38 /* PBXContainerItemProxy */;
		};
		92D86D21205B08AE00BEED38 /* PBXTargetDependency */ = {
			isa = PBXTargetDependency;
			name = FireflyInstruments;
			targetProxy = 92D86D20205B08AE00BEED38 /* PBXContainerItemProxy */;
		};
/* End PBXTargetDependency section */

/* Begin PBXVariantGroup section */
		92654D08205B06E9008D000D /* Main.storyboard */ = {
			isa = PBXVariantGroup;
			children = (
				92654D09205B06E9008D000D /* Base */,
			);
			name = Main.storyboard;
			sourceTree = "<group>";
		};
/* End PBXVariantGroup section */

/* Begin XCBuildConfiguration section */
		92654D18205B06E9008D000D /* Debug */ = {
			isa = XCBuildConfiguration;
			buildSettings = {
				ALWAYS_SEARCH_USER_PATHS = NO;
				CLANG_ANALYZER_NONNULL = YES;
				CLANG_ANALYZER_NUMBER_OBJECT_CONVERSION = YES_AGGRESSIVE;
				CLANG_CXX_LANGUAGE_STANDARD = "gnu++14";
				CLANG_CXX_LIBRARY = "libc++";
				CLANG_ENABLE_MODULES = YES;
				CLANG_ENABLE_OBJC_ARC = YES;
				CLANG_WARN_BLOCK_CAPTURE_AUTORELEASING = YES;
				CLANG_WARN_BOOL_CONVERSION = YES;
				CLANG_WARN_COMMA = YES;
				CLANG_WARN_CONSTANT_CONVERSION = YES;
				CLANG_WARN_DEPRECATED_OBJC_IMPLEMENTATIONS = YES;
				CLANG_WARN_DIRECT_OBJC_ISA_USAGE = YES_ERROR;
				CLANG_WARN_DOCUMENTATION_COMMENTS = YES;
				CLANG_WARN_EMPTY_BODY = YES;
				CLANG_WARN_ENUM_CONVERSION = YES;
				CLANG_WARN_INFINITE_RECURSION = YES;
				CLANG_WARN_INT_CONVERSION = YES;
				CLANG_WARN_NON_LITERAL_NULL_CONVERSION = YES;
				CLANG_WARN_OBJC_IMPLICIT_RETAIN_SELF = YES;
				CLANG_WARN_OBJC_LITERAL_CONVERSION = YES;
				CLANG_WARN_OBJC_ROOT_CLASS = YES_ERROR;
				CLANG_WARN_RANGE_LOOP_ANALYSIS = YES;
				CLANG_WARN_STRICT_PROTOTYPES = YES;
				CLANG_WARN_SUSPICIOUS_MOVE = YES;
				CLANG_WARN_UNGUARDED_AVAILABILITY = YES_AGGRESSIVE;
				CLANG_WARN_UNREACHABLE_CODE = YES;
				CLANG_WARN__DUPLICATE_METHOD_MATCH = YES;
				CODE_SIGN_IDENTITY = "Mac Developer";
				COPY_PHASE_STRIP = NO;
				DEBUG_INFORMATION_FORMAT = dwarf;
				ENABLE_STRICT_OBJC_MSGSEND = YES;
				ENABLE_TESTABILITY = YES;
				GCC_C_LANGUAGE_STANDARD = gnu11;
				GCC_DYNAMIC_NO_PIC = NO;
				GCC_NO_COMMON_BLOCKS = YES;
				GCC_OPTIMIZATION_LEVEL = 0;
				GCC_PREPROCESSOR_DEFINITIONS = (
					"DEBUG=1",
					"$(inherited)",
				);
				GCC_WARN_64_TO_32_BIT_CONVERSION = YES;
				GCC_WARN_ABOUT_RETURN_TYPE = YES_ERROR;
				GCC_WARN_UNDECLARED_SELECTOR = YES;
				GCC_WARN_UNINITIALIZED_AUTOS = YES_AGGRESSIVE;
				GCC_WARN_UNUSED_FUNCTION = YES;
				GCC_WARN_UNUSED_VARIABLE = YES;
				MACOSX_DEPLOYMENT_TARGET = 10.13;
				MTL_ENABLE_DEBUG_INFO = YES;
				ONLY_ACTIVE_ARCH = YES;
				SDKROOT = macosx;
				SWIFT_ACTIVE_COMPILATION_CONDITIONS = DEBUG;
				SWIFT_OPTIMIZATION_LEVEL = "-Onone";
			};
			name = Debug;
		};
		92654D19205B06E9008D000D /* Release */ = {
			isa = XCBuildConfiguration;
			buildSettings = {
				ALWAYS_SEARCH_USER_PATHS = NO;
				CLANG_ANALYZER_NONNULL = YES;
				CLANG_ANALYZER_NUMBER_OBJECT_CONVERSION = YES_AGGRESSIVE;
				CLANG_CXX_LANGUAGE_STANDARD = "gnu++14";
				CLANG_CXX_LIBRARY = "libc++";
				CLANG_ENABLE_MODULES = YES;
				CLANG_ENABLE_OBJC_ARC = YES;
				CLANG_WARN_BLOCK_CAPTURE_AUTORELEASING = YES;
				CLANG_WARN_BOOL_CONVERSION = YES;
				CLANG_WARN_COMMA = YES;
				CLANG_WARN_CONSTANT_CONVERSION = YES;
				CLANG_WARN_DEPRECATED_OBJC_IMPLEMENTATIONS = YES;
				CLANG_WARN_DIRECT_OBJC_ISA_USAGE = YES_ERROR;
				CLANG_WARN_DOCUMENTATION_COMMENTS = YES;
				CLANG_WARN_EMPTY_BODY = YES;
				CLANG_WARN_ENUM_CONVERSION = YES;
				CLANG_WARN_INFINITE_RECURSION = YES;
				CLANG_WARN_INT_CONVERSION = YES;
				CLANG_WARN_NON_LITERAL_NULL_CONVERSION = YES;
				CLANG_WARN_OBJC_IMPLICIT_RETAIN_SELF = YES;
				CLANG_WARN_OBJC_LITERAL_CONVERSION = YES;
				CLANG_WARN_OBJC_ROOT_CLASS = YES_ERROR;
				CLANG_WARN_RANGE_LOOP_ANALYSIS = YES;
				CLANG_WARN_STRICT_PROTOTYPES = YES;
				CLANG_WARN_SUSPICIOUS_MOVE = YES;
				CLANG_WARN_UNGUARDED_AVAILABILITY = YES_AGGRESSIVE;
				CLANG_WARN_UNREACHABLE_CODE = YES;
				CLANG_WARN__DUPLICATE_METHOD_MATCH = YES;
				CODE_SIGN_IDENTITY = "Mac Developer";
				COPY_PHASE_STRIP = NO;
				DEBUG_INFORMATION_FORMAT = "dwarf-with-dsym";
				ENABLE_NS_ASSERTIONS = NO;
				ENABLE_STRICT_OBJC_MSGSEND = YES;
				GCC_C_LANGUAGE_STANDARD = gnu11;
				GCC_NO_COMMON_BLOCKS = YES;
				GCC_WARN_64_TO_32_BIT_CONVERSION = YES;
				GCC_WARN_ABOUT_RETURN_TYPE = YES_ERROR;
				GCC_WARN_UNDECLARED_SELECTOR = YES;
				GCC_WARN_UNINITIALIZED_AUTOS = YES_AGGRESSIVE;
				GCC_WARN_UNUSED_FUNCTION = YES;
				GCC_WARN_UNUSED_VARIABLE = YES;
				MACOSX_DEPLOYMENT_TARGET = 10.13;
				MTL_ENABLE_DEBUG_INFO = NO;
				SDKROOT = macosx;
				SWIFT_OPTIMIZATION_LEVEL = "-Owholemodule";
			};
			name = Release;
		};
		92654D1B205B06E9008D000D /* Debug */ = {
			isa = XCBuildConfiguration;
			buildSettings = {
				ALWAYS_EMBED_SWIFT_STANDARD_LIBRARIES = YES;
				ASSETCATALOG_COMPILER_APPICON_NAME = AppIcon;
				CODE_SIGN_ENTITLEMENTS = "Firefly Instrument Panel/Firefly Instrument Panel.entitlements";
				CODE_SIGN_STYLE = Automatic;
				COMBINE_HIDPI_IMAGES = YES;
				DEVELOPMENT_TEAM = TVNL896ZKT;
				INFOPLIST_FILE = "Firefly Instrument Panel/Info.plist";
				LD_RUNPATH_SEARCH_PATHS = "$(inherited) @executable_path/../Frameworks";
				PRODUCT_BUNDLE_IDENTIFIER = "com.fireflydesign.Firefly-Instrument-Panel";
				PRODUCT_NAME = "$(TARGET_NAME)";
				SWIFT_VERSION = 4.0;
			};
			name = Debug;
		};
		92654D1C205B06E9008D000D /* Release */ = {
			isa = XCBuildConfiguration;
			buildSettings = {
				ALWAYS_EMBED_SWIFT_STANDARD_LIBRARIES = YES;
				ASSETCATALOG_COMPILER_APPICON_NAME = AppIcon;
				CODE_SIGN_ENTITLEMENTS = "Firefly Instrument Panel/Firefly Instrument Panel.entitlements";
				CODE_SIGN_STYLE = Automatic;
				COMBINE_HIDPI_IMAGES = YES;
				DEVELOPMENT_TEAM = TVNL896ZKT;
				INFOPLIST_FILE = "Firefly Instrument Panel/Info.plist";
				LD_RUNPATH_SEARCH_PATHS = "$(inherited) @executable_path/../Frameworks";
				PRODUCT_BUNDLE_IDENTIFIER = "com.fireflydesign.Firefly-Instrument-Panel";
				PRODUCT_NAME = "$(TARGET_NAME)";
				SWIFT_VERSION = 4.0;
			};
			name = Release;
		};
		92654D1E205B06E9008D000D /* Debug */ = {
			isa = XCBuildConfiguration;
			buildSettings = {
				ALWAYS_EMBED_SWIFT_STANDARD_LIBRARIES = YES;
				BUNDLE_LOADER = "$(TEST_HOST)";
				CODE_SIGN_STYLE = Automatic;
				COMBINE_HIDPI_IMAGES = YES;
				DEVELOPMENT_TEAM = TVNL896ZKT;
				INFOPLIST_FILE = "Firefly Instrument PanelTests/Info.plist";
				LD_RUNPATH_SEARCH_PATHS = "$(inherited) @executable_path/../Frameworks @loader_path/../Frameworks";
				PRODUCT_BUNDLE_IDENTIFIER = "com.fireflydesign.Firefly-Instrument-PanelTests";
				PRODUCT_NAME = "$(TARGET_NAME)";
				SWIFT_VERSION = 4.0;
				TEST_HOST = "$(BUILT_PRODUCTS_DIR)/Firefly Instrument Panel.app/Contents/MacOS/Firefly Instrument Panel";
			};
			name = Debug;
		};
		92654D1F205B06E9008D000D /* Release */ = {
			isa = XCBuildConfiguration;
			buildSettings = {
				ALWAYS_EMBED_SWIFT_STANDARD_LIBRARIES = YES;
				BUNDLE_LOADER = "$(TEST_HOST)";
				CODE_SIGN_STYLE = Automatic;
				COMBINE_HIDPI_IMAGES = YES;
				DEVELOPMENT_TEAM = TVNL896ZKT;
				INFOPLIST_FILE = "Firefly Instrument PanelTests/Info.plist";
				LD_RUNPATH_SEARCH_PATHS = "$(inherited) @executable_path/../Frameworks @loader_path/../Frameworks";
				PRODUCT_BUNDLE_IDENTIFIER = "com.fireflydesign.Firefly-Instrument-PanelTests";
				PRODUCT_NAME = "$(TARGET_NAME)";
				SWIFT_VERSION = 4.0;
				TEST_HOST = "$(BUILT_PRODUCTS_DIR)/Firefly Instrument Panel.app/Contents/MacOS/Firefly Instrument Panel";
			};
			name = Release;
		};
/* End XCBuildConfiguration section */

/* Begin XCConfigurationList section */
		92654CFA205B06E9008D000D /* Build configuration list for PBXProject "Firefly Instrument Panel" */ = {
			isa = XCConfigurationList;
			buildConfigurations = (
				92654D18205B06E9008D000D /* Debug */,
				92654D19205B06E9008D000D /* Release */,
			);
			defaultConfigurationIsVisible = 0;
			defaultConfigurationName = Release;
		};
		92654D1A205B06E9008D000D /* Build configuration list for PBXNativeTarget "Firefly Instrument Panel" */ = {
			isa = XCConfigurationList;
			buildConfigurations = (
				92654D1B205B06E9008D000D /* Debug */,
				92654D1C205B06E9008D000D /* Release */,
			);
			defaultConfigurationIsVisible = 0;
			defaultConfigurationName = Release;
		};
		92654D1D205B06E9008D000D /* Build configuration list for PBXNativeTarget "Firefly Instrument PanelTests" */ = {
			isa = XCConfigurationList;
			buildConfigurations = (
				92654D1E205B06E9008D000D /* Debug */,
				92654D1F205B06E9008D000D /* Release */,
			);
			defaultConfigurationIsVisible = 0;
			defaultConfigurationName = Release;
		};
/* End XCConfigurationList section */
	};
	rootObject = 92654CF7205B06E9008D000D /* Project object */;
}
